
Microsoft Visual Studio Solution File, Format Version 12.00
# Visual Studio Version 16
VisualStudioVersion = 16.0.29926.136
MinimumVisualStudioVersion = 10.0.40219.1
Project("{FAE04EC0-301F-11D3-BF4B-00C04F79EFBC}") = "BlazorConcept.Shared", "BlazorConcept.Shared\BlazorConcept.Shared.csproj", "{83D70938-A2E3-4733-94D7-F972D4C01591}"
EndProject
Project("{FAE04EC0-301F-11D3-BF4B-00C04F79EFBC}") = "BlazorConcept.Api", "BlazorConcept.Api\BlazorConcept.Api.csproj", "{CC7222CD-B91A-445C-BAEB-597BB9D5957F}"
EndProject
Project("{FAE04EC0-301F-11D3-BF4B-00C04F79EFBC}") = "BlazorConcept.Web", "BlazorConcept.Web\BlazorConcept.Web.csproj", "{151B16BA-299B-4209-89E4-5103FACE4450}"
EndProject
Project("{FAE04EC0-301F-11D3-BF4B-00C04F79EFBC}") = "BlazorConcept.Prism", "BlazorConcept.Prism\BlazorConcept.Prism\BlazorConcept.Prism.csproj", "{F503E1C1-1166-4A41-9139-90E1D3361110}"
EndProject
Project("{FAE04EC0-301F-11D3-BF4B-00C04F79EFBC}") = "BlazorConcept.Prism.Android", "BlazorConcept.Prism\BlazorConcept.Prism.Android\BlazorConcept.Prism.Android.csproj", "{9513766D-C123-446C-A58C-5A880FE574D2}"
EndProject
Project("{FAE04EC0-301F-11D3-BF4B-00C04F79EFBC}") = "BlazorConcept.Prism.iOS", "BlazorConcept.Prism\BlazorConcept.Prism.iOS\BlazorConcept.Prism.iOS.csproj", "{1A49F559-6A81-465E-8FE8-4DDC925BF9BD}"
EndProject
Global
	GlobalSection(SolutionConfigurationPlatforms) = preSolution
		Ad-Hoc|Any CPU = Ad-Hoc|Any CPU
		Ad-Hoc|iPhone = Ad-Hoc|iPhone
		Ad-Hoc|iPhoneSimulator = Ad-Hoc|iPhoneSimulator
		AppStore|Any CPU = AppStore|Any CPU
		AppStore|iPhone = AppStore|iPhone
		AppStore|iPhoneSimulator = AppStore|iPhoneSimulator
		Debug|Any CPU = Debug|Any CPU
		Debug|iPhone = Debug|iPhone
		Debug|iPhoneSimulator = Debug|iPhoneSimulator
		Release|Any CPU = Release|Any CPU
		Release|iPhone = Release|iPhone
		Release|iPhoneSimulator = Release|iPhoneSimulator
	EndGlobalSection
	GlobalSection(ProjectConfigurationPlatforms) = postSolution
		{83D70938-A2E3-4733-94D7-F972D4C01591}.Ad-Hoc|Any CPU.ActiveCfg = Debug|Any CPU
		{83D70938-A2E3-4733-94D7-F972D4C01591}.Ad-Hoc|Any CPU.Build.0 = Debug|Any CPU
		{83D70938-A2E3-4733-94D7-F972D4C01591}.Ad-Hoc|iPhone.ActiveCfg = Debug|Any CPU
		{83D70938-A2E3-4733-94D7-F972D4C01591}.Ad-Hoc|iPhone.Build.0 = Debug|Any CPU
		{83D70938-A2E3-4733-94D7-F972D4C01591}.Ad-Hoc|iPhoneSimulator.ActiveCfg = Debug|Any CPU
		{83D70938-A2E3-4733-94D7-F972D4C01591}.Ad-Hoc|iPhoneSimulator.Build.0 = Debug|Any CPU
		{83D70938-A2E3-4733-94D7-F972D4C01591}.AppStore|Any CPU.ActiveCfg = Debug|Any CPU
		{83D70938-A2E3-4733-94D7-F972D4C01591}.AppStore|Any CPU.Build.0 = Debug|Any CPU
		{83D70938-A2E3-4733-94D7-F972D4C01591}.AppStore|iPhone.ActiveCfg = Debug|Any CPU
		{83D70938-A2E3-4733-94D7-F972D4C01591}.AppStore|iPhone.Build.0 = Debug|Any CPU
		{83D70938-A2E3-4733-94D7-F972D4C01591}.AppStore|iPhoneSimulator.ActiveCfg = Debug|Any CPU
		{83D70938-A2E3-4733-94D7-F972D4C01591}.AppStore|iPhoneSimulator.Build.0 = Debug|Any CPU
		{83D70938-A2E3-4733-94D7-F972D4C01591}.Debug|Any CPU.ActiveCfg = Debug|Any CPU
		{83D70938-A2E3-4733-94D7-F972D4C01591}.Debug|Any CPU.Build.0 = Debug|Any CPU
		{83D70938-A2E3-4733-94D7-F972D4C01591}.Debug|iPhone.ActiveCfg = Debug|Any CPU
		{83D70938-A2E3-4733-94D7-F972D4C01591}.Debug|iPhone.Build.0 = Debug|Any CPU
		{83D70938-A2E3-4733-94D7-F972D4C01591}.Debug|iPhoneSimulator.ActiveCfg = Debug|Any CPU
		{83D70938-A2E3-4733-94D7-F972D4C01591}.Debug|iPhoneSimulator.Build.0 = Debug|Any CPU
		{83D70938-A2E3-4733-94D7-F972D4C01591}.Release|Any CPU.ActiveCfg = Release|Any CPU
		{83D70938-A2E3-4733-94D7-F972D4C01591}.Release|Any CPU.Build.0 = Release|Any CPU
		{83D70938-A2E3-4733-94D7-F972D4C01591}.Release|iPhone.ActiveCfg = Release|Any CPU
		{83D70938-A2E3-4733-94D7-F972D4C01591}.Release|iPhone.Build.0 = Release|Any CPU
		{83D70938-A2E3-4733-94D7-F972D4C01591}.Release|iPhoneSimulator.ActiveCfg = Release|Any CPU
		{83D70938-A2E3-4733-94D7-F972D4C01591}.Release|iPhoneSimulator.Build.0 = Release|Any CPU
		{CC7222CD-B91A-445C-BAEB-597BB9D5957F}.Ad-Hoc|Any CPU.ActiveCfg = Debug|Any CPU
		{CC7222CD-B91A-445C-BAEB-597BB9D5957F}.Ad-Hoc|Any CPU.Build.0 = Debug|Any CPU
		{CC7222CD-B91A-445C-BAEB-597BB9D5957F}.Ad-Hoc|iPhone.ActiveCfg = Debug|Any CPU
		{CC7222CD-B91A-445C-BAEB-597BB9D5957F}.Ad-Hoc|iPhone.Build.0 = Debug|Any CPU
		{CC7222CD-B91A-445C-BAEB-597BB9D5957F}.Ad-Hoc|iPhoneSimulator.ActiveCfg = Debug|Any CPU
		{CC7222CD-B91A-445C-BAEB-597BB9D5957F}.Ad-Hoc|iPhoneSimulator.Build.0 = Debug|Any CPU
		{CC7222CD-B91A-445C-BAEB-597BB9D5957F}.AppStore|Any CPU.ActiveCfg = Debug|Any CPU
		{CC7222CD-B91A-445C-BAEB-597BB9D5957F}.AppStore|Any CPU.Build.0 = Debug|Any CPU
		{CC7222CD-B91A-445C-BAEB-597BB9D5957F}.AppStore|iPhone.ActiveCfg = Debug|Any CPU
		{CC7222CD-B91A-445C-BAEB-597BB9D5957F}.AppStore|iPhone.Build.0 = Debug|Any CPU
		{CC7222CD-B91A-445C-BAEB-597BB9D5957F}.AppStore|iPhoneSimulator.ActiveCfg = Debug|Any CPU
		{CC7222CD-B91A-445C-BAEB-597BB9D5957F}.AppStore|iPhoneSimulator.Build.0 = Debug|Any CPU
		{CC7222CD-B91A-445C-BAEB-597BB9D5957F}.Debug|Any CPU.ActiveCfg = Debug|Any CPU
		{CC7222CD-B91A-445C-BAEB-597BB9D5957F}.Debug|Any CPU.Build.0 = Debug|Any CPU
		{CC7222CD-B91A-445C-BAEB-597BB9D5957F}.Debug|iPhone.ActiveCfg = Debug|Any CPU
		{CC7222CD-B91A-445C-BAEB-597BB9D5957F}.Debug|iPhone.Build.0 = Debug|Any CPU
		{CC7222CD-B91A-445C-BAEB-597BB9D5957F}.Debug|iPhoneSimulator.ActiveCfg = Debug|Any CPU
		{CC7222CD-B91A-445C-BAEB-597BB9D5957F}.Debug|iPhoneSimulator.Build.0 = Debug|Any CPU
		{CC7222CD-B91A-445C-BAEB-597BB9D5957F}.Release|Any CPU.ActiveCfg = Release|Any CPU
		{CC7222CD-B91A-445C-BAEB-597BB9D5957F}.Release|Any CPU.Build.0 = Release|Any CPU
		{CC7222CD-B91A-445C-BAEB-597BB9D5957F}.Release|iPhone.ActiveCfg = Release|Any CPU
		{CC7222CD-B91A-445C-BAEB-597BB9D5957F}.Release|iPhone.Build.0 = Release|Any CPU
		{CC7222CD-B91A-445C-BAEB-597BB9D5957F}.Release|iPhoneSimulator.ActiveCfg = Release|Any CPU
		{CC7222CD-B91A-445C-BAEB-597BB9D5957F}.Release|iPhoneSimulator.Build.0 = Release|Any CPU
		{151B16BA-299B-4209-89E4-5103FACE4450}.Ad-Hoc|Any CPU.ActiveCfg = Debug|Any CPU
		{151B16BA-299B-4209-89E4-5103FACE4450}.Ad-Hoc|Any CPU.Build.0 = Debug|Any CPU
		{151B16BA-299B-4209-89E4-5103FACE4450}.Ad-Hoc|iPhone.ActiveCfg = Debug|Any CPU
		{151B16BA-299B-4209-89E4-5103FACE4450}.Ad-Hoc|iPhone.Build.0 = Debug|Any CPU
		{151B16BA-299B-4209-89E4-5103FACE4450}.Ad-Hoc|iPhoneSimulator.ActiveCfg = Debug|Any CPU
		{151B16BA-299B-4209-89E4-5103FACE4450}.Ad-Hoc|iPhoneSimulator.Build.0 = Debug|Any CPU
		{151B16BA-299B-4209-89E4-5103FACE4450}.AppStore|Any CPU.ActiveCfg = Debug|Any CPU
		{151B16BA-299B-4209-89E4-5103FACE4450}.AppStore|Any CPU.Build.0 = Debug|Any CPU
		{151B16BA-299B-4209-89E4-5103FACE4450}.AppStore|iPhone.ActiveCfg = Debug|Any CPU
		{151B16BA-299B-4209-89E4-5103FACE4450}.AppStore|iPhone.Build.0 = Debug|Any CPU
		{151B16BA-299B-4209-89E4-5103FACE4450}.AppStore|iPhoneSimulator.ActiveCfg = Debug|Any CPU
		{151B16BA-299B-4209-89E4-5103FACE4450}.AppStore|iPhoneSimulator.Build.0 = Debug|Any CPU
		{151B16BA-299B-4209-89E4-5103FACE4450}.Debug|Any CPU.ActiveCfg = Debug|Any CPU
		{151B16BA-299B-4209-89E4-5103FACE4450}.Debug|Any CPU.Build.0 = Debug|Any CPU
		{151B16BA-299B-4209-89E4-5103FACE4450}.Debug|iPhone.ActiveCfg = Debug|Any CPU
		{151B16BA-299B-4209-89E4-5103FACE4450}.Debug|iPhone.Build.0 = Debug|Any CPU
		{151B16BA-299B-4209-89E4-5103FACE4450}.Debug|iPhoneSimulator.ActiveCfg = Debug|Any CPU
		{151B16BA-299B-4209-89E4-5103FACE4450}.Debug|iPhoneSimulator.Build.0 = Debug|Any CPU
		{151B16BA-299B-4209-89E4-5103FACE4450}.Release|Any CPU.ActiveCfg = Release|Any CPU
		{151B16BA-299B-4209-89E4-5103FACE4450}.Release|Any CPU.Build.0 = Release|Any CPU
		{151B16BA-299B-4209-89E4-5103FACE4450}.Release|iPhone.ActiveCfg = Release|Any CPU
		{151B16BA-299B-4209-89E4-5103FACE4450}.Release|iPhone.Build.0 = Release|Any CPU
		{151B16BA-299B-4209-89E4-5103FACE4450}.Release|iPhoneSimulator.ActiveCfg = Release|Any CPU
		{151B16BA-299B-4209-89E4-5103FACE4450}.Release|iPhoneSimulator.Build.0 = Release|Any CPU
		{F503E1C1-1166-4A41-9139-90E1D3361110}.Ad-Hoc|Any CPU.ActiveCfg = Debug|Any CPU
		{F503E1C1-1166-4A41-9139-90E1D3361110}.Ad-Hoc|Any CPU.Build.0 = Debug|Any CPU
		{F503E1C1-1166-4A41-9139-90E1D3361110}.Ad-Hoc|iPhone.ActiveCfg = Debug|Any CPU
		{F503E1C1-1166-4A41-9139-90E1D3361110}.Ad-Hoc|iPhone.Build.0 = Debug|Any CPU
		{F503E1C1-1166-4A41-9139-90E1D3361110}.Ad-Hoc|iPhoneSimulator.ActiveCfg = Debug|Any CPU
		{F503E1C1-1166-4A41-9139-90E1D3361110}.Ad-Hoc|iPhoneSimulator.Build.0 = Debug|Any CPU
		{F503E1C1-1166-4A41-9139-90E1D3361110}.AppStore|Any CPU.ActiveCfg = Debug|Any CPU
		{F503E1C1-1166-4A41-9139-90E1D3361110}.AppStore|Any CPU.Build.0 = Debug|Any CPU
		{F503E1C1-1166-4A41-9139-90E1D3361110}.AppStore|iPhone.ActiveCfg = Debug|Any CPU
		{F503E1C1-1166-4A41-9139-90E1D3361110}.AppStore|iPhone.Build.0 = Debug|Any CPU
		{F503E1C1-1166-4A41-9139-90E1D3361110}.AppStore|iPhoneSimulator.ActiveCfg = Debug|Any CPU
		{F503E1C1-1166-4A41-9139-90E1D3361110}.AppStore|iPhoneSimulator.Build.0 = Debug|Any CPU
		{F503E1C1-1166-4A41-9139-90E1D3361110}.Debug|Any CPU.ActiveCfg = Debug|Any CPU
		{F503E1C1-1166-4A41-9139-90E1D3361110}.Debug|Any CPU.Build.0 = Debug|Any CPU
		{F503E1C1-1166-4A41-9139-90E1D3361110}.Debug|iPhone.ActiveCfg = Debug|Any CPU
		{F503E1C1-1166-4A41-9139-90E1D3361110}.Debug|iPhone.Build.0 = Debug|Any CPU
		{F503E1C1-1166-4A41-9139-90E1D3361110}.Debug|iPhoneSimulator.ActiveCfg = Debug|Any CPU
		{F503E1C1-1166-4A41-9139-90E1D3361110}.Debug|iPhoneSimulator.Build.0 = Debug|Any CPU
		{F503E1C1-1166-4A41-9139-90E1D3361110}.Release|Any CPU.ActiveCfg = Release|Any CPU
		{F503E1C1-1166-4A41-9139-90E1D3361110}.Release|Any CPU.Build.0 = Release|Any CPU
		{F503E1C1-1166-4A41-9139-90E1D3361110}.Release|iPhone.ActiveCfg = Release|Any CPU
		{F503E1C1-1166-4A41-9139-90E1D3361110}.Release|iPhone.Build.0 = Release|Any CPU
		{F503E1C1-1166-4A41-9139-90E1D3361110}.Release|iPhoneSimulator.ActiveCfg = Release|Any CPU
		{F503E1C1-1166-4A41-9139-90E1D3361110}.Release|iPhoneSimulator.Build.0 = Release|Any CPU
		{9513766D-C123-446C-A58C-5A880FE574D2}.Ad-Hoc|Any CPU.ActiveCfg = Release|Any CPU
		{9513766D-C123-446C-A58C-5A880FE574D2}.Ad-Hoc|Any CPU.Build.0 = Release|Any CPU
		{9513766D-C123-446C-A58C-5A880FE574D2}.Ad-Hoc|Any CPU.Deploy.0 = Release|Any CPU
		{9513766D-C123-446C-A58C-5A880FE574D2}.Ad-Hoc|iPhone.ActiveCfg = Release|Any CPU
		{9513766D-C123-446C-A58C-5A880FE574D2}.Ad-Hoc|iPhone.Build.0 = Release|Any CPU
		{9513766D-C123-446C-A58C-5A880FE574D2}.Ad-Hoc|iPhone.Deploy.0 = Release|Any CPU
		{9513766D-C123-446C-A58C-5A880FE574D2}.Ad-Hoc|iPhoneSimulator.ActiveCfg = Release|Any CPU
		{9513766D-C123-446C-A58C-5A880FE574D2}.Ad-Hoc|iPhoneSimulator.Build.0 = Release|Any CPU
		{9513766D-C123-446C-A58C-5A880FE574D2}.Ad-Hoc|iPhoneSimulator.Deploy.0 = Release|Any CPU
		{9513766D-C123-446C-A58C-5A880FE574D2}.AppStore|Any CPU.ActiveCfg = Release|Any CPU
		{9513766D-C123-446C-A58C-5A880FE574D2}.AppStore|Any CPU.Build.0 = Release|Any CPU
		{9513766D-C123-446C-A58C-5A880FE574D2}.AppStore|Any CPU.Deploy.0 = Release|Any CPU
		{9513766D-C123-446C-A58C-5A880FE574D2}.AppStore|iPhone.ActiveCfg = Release|Any CPU
		{9513766D-C123-446C-A58C-5A880FE574D2}.AppStore|iPhone.Build.0 = Release|Any CPU
		{9513766D-C123-446C-A58C-5A880FE574D2}.AppStore|iPhone.Deploy.0 = Release|Any CPU
		{9513766D-C123-446C-A58C-5A880FE574D2}.AppStore|iPhoneSimulator.ActiveCfg = Release|Any CPU
		{9513766D-C123-446C-A58C-5A880FE574D2}.AppStore|iPhoneSimulator.Build.0 = Release|Any CPU
		{9513766D-C123-446C-A58C-5A880FE574D2}.AppStore|iPhoneSimulator.Deploy.0 = Release|Any CPU
		{9513766D-C123-446C-A58C-5A880FE574D2}.Debug|Any CPU.ActiveCfg = Debug|Any CPU
		{9513766D-C123-446C-A58C-5A880FE574D2}.Debug|Any CPU.Build.0 = Debug|Any CPU
		{9513766D-C123-446C-A58C-5A880FE574D2}.Debug|Any CPU.Deploy.0 = Debug|Any CPU
		{9513766D-C123-446C-A58C-5A880FE574D2}.Debug|iPhone.ActiveCfg = Debug|Any CPU
		{9513766D-C123-446C-A58C-5A880FE574D2}.Debug|iPhone.Build.0 = Debug|Any CPU
		{9513766D-C123-446C-A58C-5A880FE574D2}.Debug|iPhone.Deploy.0 = Debug|Any CPU
		{9513766D-C123-446C-A58C-5A880FE574D2}.Debug|iPhoneSimulator.ActiveCfg = Debug|Any CPU
		{9513766D-C123-446C-A58C-5A880FE574D2}.Debug|iPhoneSimulator.Build.0 = Debug|Any CPU
		{9513766D-C123-446C-A58C-5A880FE574D2}.Debug|iPhoneSimulator.Deploy.0 = Debug|Any CPU
		{9513766D-C123-446C-A58C-5A880FE574D2}.Release|Any CPU.ActiveCfg = Release|Any CPU
		{9513766D-C123-446C-A58C-5A880FE574D2}.Release|Any CPU.Build.0 = Release|Any CPU
		{9513766D-C123-446C-A58C-5A880FE574D2}.Release|Any CPU.Deploy.0 = Release|Any CPU
		{9513766D-C123-446C-A58C-5A880FE574D2}.Release|iPhone.ActiveCfg = Release|Any CPU
		{9513766D-C123-446C-A58C-5A880FE574D2}.Release|iPhone.Build.0 = Release|Any CPU
		{9513766D-C123-446C-A58C-5A880FE574D2}.Release|iPhone.Deploy.0 = Release|Any CPU
		{9513766D-C123-446C-A58C-5A880FE574D2}.Release|iPhoneSimulator.ActiveCfg = Release|Any CPU
		{9513766D-C123-446C-A58C-5A880FE574D2}.Release|iPhoneSimulator.Build.0 = Release|Any CPU
		{9513766D-C123-446C-A58C-5A880FE574D2}.Release|iPhoneSimulator.Deploy.0 = Release|Any CPU
		{1A49F559-6A81-465E-8FE8-4DDC925BF9BD}.Ad-Hoc|Any CPU.ActiveCfg = Ad-Hoc|iPhone
		{1A49F559-6A81-465E-8FE8-4DDC925BF9BD}.Ad-Hoc|iPhone.ActiveCfg = Ad-Hoc|iPhone
		{1A49F559-6A81-465E-8FE8-4DDC925BF9BD}.Ad-Hoc|iPhone.Build.0 = Ad-Hoc|iPhone
		{1A49F559-6A81-465E-8FE8-4DDC925BF9BD}.Ad-Hoc|iPhoneSimulator.ActiveCfg = Ad-Hoc|iPhoneSimulator
		{1A49F559-6A81-465E-8FE8-4DDC925BF9BD}.Ad-Hoc|iPhoneSimulator.Build.0 = Ad-Hoc|iPhoneSimulator
		{1A49F559-6A81-465E-8FE8-4DDC925BF9BD}.AppStore|Any CPU.ActiveCfg = AppStore|iPhone
		{1A49F559-6A81-465E-8FE8-4DDC925BF9BD}.AppStore|iPhone.ActiveCfg = AppStore|iPhone
		{1A49F559-6A81-465E-8FE8-4DDC925BF9BD}.AppStore|iPhone.Build.0 = AppStore|iPhone
		{1A49F559-6A81-465E-8FE8-4DDC925BF9BD}.AppStore|iPhoneSimulator.ActiveCfg = AppStore|iPhoneSimulator
		{1A49F559-6A81-465E-8FE8-4DDC925BF9BD}.AppStore|iPhoneSimulator.Build.0 = AppStore|iPhoneSimulator
		{1A49F559-6A81-465E-8FE8-4DDC925BF9BD}.Debug|Any CPU.ActiveCfg = Debug|iPhone
		{1A49F559-6A81-465E-8FE8-4DDC925BF9BD}.Debug|iPhone.ActiveCfg = Debug|iPhone
		{1A49F559-6A81-465E-8FE8-4DDC925BF9BD}.Debug|iPhone.Build.0 = Debug|iPhone
		{1A49F559-6A81-465E-8FE8-4DDC925BF9BD}.Debug|iPhoneSimulator.ActiveCfg = Debug|iPhoneSimulator
		{1A49F559-6A81-465E-8FE8-4DDC925BF9BD}.Debug|iPhoneSimulator.Build.0 = Debug|iPhoneSimulator
		{1A49F559-6A81-465E-8FE8-4DDC925BF9BD}.Release|Any CPU.ActiveCfg = Release|iPhone
		{1A49F559-6A81-465E-8FE8-4DDC925BF9BD}.Release|iPhone.ActiveCfg = Release|iPhone
		{1A49F559-6A81-465E-8FE8-4DDC925BF9BD}.Release|iPhone.Build.0 = Release|iPhone
		{1A49F559-6A81-465E-8FE8-4DDC925BF9BD}.Release|iPhoneSimulator.ActiveCfg = Release|iPhoneSimulator
		{1A49F559-6A81-465E-8FE8-4DDC925BF9BD}.Release|iPhoneSimulator.Build.0 = Release|iPhoneSimulator
	EndGlobalSection
	GlobalSection(SolutionProperties) = preSolution
		HideSolutionNode = FALSE
	EndGlobalSection
	GlobalSection(ExtensibilityGlobals) = postSolution
		SolutionGuid = {A58F757F-AE3C-4D44-B060-89C489D93CC6}
	EndGlobalSection
EndGlobal
